PODS:
  - Bolts/Tasks (1.6.0)
  - Charts (2.1.6)
  - Parse (1.12.0):
    - Bolts/Tasks (~> 1.5)
  - SwiftyJSON (2.3.2)

DEPENDENCIES:
  - Charts
  - Parse
  - SwiftyJSON (from `https://github.com/SwiftyJSON/SwiftyJSON.git`)

EXTERNAL SOURCES:
  SwiftyJSON:
    :git: https://github.com/SwiftyJSON/SwiftyJSON.git

CHECKOUT OPTIONS:
  SwiftyJSON:
    :commit: 929539eb6a3304eaa9153ca44041a78b85bf2ee5
    :git: https://github.com/SwiftyJSON/SwiftyJSON.git

SPEC CHECKSUMS:
  Bolts: f52a250053bb517ca874523c3913776359ab3def
  Charts: 5e1e5ac23898e5b09d226a2fc3e9d86bc281937e
  Parse: de2c52a9a1421b91ae7594ab8ce191afd184f19b
  SwiftyJSON: 04ccea08915aa0109039157c7974cf0298da292a

COCOAPODS: 0.39.0
